// !$*UTF8*$!
{
	archiveVersion = 1;
	classes = {
	};
	objectVersion = 55;
	objects = {

/* Begin PBXBuildFile section */
		59D20368286F7C8A00A0907F /* AppDelegate.swift in Sources */ = {isa = PBXBuildFile; fileRef = 59D20367286F7C8A00A0907F /* AppDelegate.swift */; };
		59D2036A286F7C8A00A0907F /* SceneDelegate.swift in Sources */ = {isa = PBXBuildFile; fileRef = 59D20369286F7C8A00A0907F /* SceneDelegate.swift */; };
		59D2036C286F7C8A00A0907F /* ViewController.swift in Sources */ = {isa = PBXBuildFile; fileRef = 59D2036B286F7C8A00A0907F /* ViewController.swift */; };
		59D20371286F7C8D00A0907F /* Assets.xcassets in Resources */ = {isa = PBXBuildFile; fileRef = 59D20370286F7C8D00A0907F /* Assets.xcassets */; };
		59D20374286F7C8D00A0907F /* LaunchScreen.storyboard in Resources */ = {isa = PBXBuildFile; fileRef = 59D20372286F7C8D00A0907F /* LaunchScreen.storyboard */; };
		59D2037C286F7E0900A0907F /* ListViewController.swift in Sources */ = {isa = PBXBuildFile; fileRef = 59D2037B286F7E0900A0907F /* ListViewController.swift */; };
		59D203802873281F00A0907F /* TextCell.swift in Sources */ = {isa = PBXBuildFile; fileRef = 59D2037F2873281F00A0907F /* TextCell.swift */; };
		59D2038228748BE800A0907F /* GridViewController.swift in Sources */ = {isa = PBXBuildFile; fileRef = 59D2038128748BE800A0907F /* GridViewController.swift */; };
		59D203862877545A00A0907F /* NestedGroupsViewController.swift in Sources */ = {isa = PBXBuildFile; fileRef = 59D203852877545A00A0907F /* NestedGroupsViewController.swift */; };
		59D2038828789B2300A0907F /* OrthogonalScrollBehaviorViewController.swift in Sources */ = {isa = PBXBuildFile; fileRef = 59D2038728789B2300A0907F /* OrthogonalScrollBehaviorViewController.swift */; };
		59D2038A28789CF700A0907F /* UserCell.swift in Sources */ = {isa = PBXBuildFile; fileRef = 59D2038928789CF700A0907F /* UserCell.swift */; };
		59D2038D28789D5700A0907F /* SelfConfiguringCell.swift in Sources */ = {isa = PBXBuildFile; fileRef = 59D2038C28789D5700A0907F /* SelfConfiguringCell.swift */; };
		59D2038F28789D9000A0907F /* FoodCell.swift in Sources */ = {isa = PBXBuildFile; fileRef = 59D2038E28789D9000A0907F /* FoodCell.swift */; };
		59D203912878AF1600A0907F /* Nested.swift in Sources */ = {isa = PBXBuildFile; fileRef = 59D203902878AF1600A0907F /* Nested.swift */; };
		59D203932879ACF000A0907F /* MainTabBarController.swift in Sources */ = {isa = PBXBuildFile; fileRef = 59D203922879ACF000A0907F /* MainTabBarController.swift */; };
/* End PBXBuildFile section */

/* Begin PBXFileReference section */
		59D20364286F7C8A00A0907F /* MyCollectionView.app */ = {isa = PBXFileReference; explicitFileType = wrapper.application; includeInIndex = 0; path = MyCollectionView.app; sourceTree = BUILT_PRODUCTS_DIR; };
		59D20367286F7C8A00A0907F /* AppDelegate.swift */ = {isa = PBXFileReference; lastKnownFileType = sourcecode.swift; path = AppDelegate.swift; sourceTree = "<group>"; };
		59D20369286F7C8A00A0907F /* SceneDelegate.swift */ = {isa = PBXFileReference; lastKnownFileType = sourcecode.swift; path = SceneDelegate.swift; sourceTree = "<group>"; };
		59D2036B286F7C8A00A0907F /* ViewController.swift */ = {isa = PBXFileReference; lastKnownFileType = sourcecode.swift; path = ViewController.swift; sourceTree = "<group>"; };
		59D20370286F7C8D00A0907F /* Assets.xcassets */ = {isa = PBXFileReference; lastKnownFileType = folder.assetcatalog; path = Assets.xcassets; sourceTree = "<group>"; };
		59D20373286F7C8D00A0907F /* Base */ = {isa = PBXFileReference; lastKnownFileType = file.storyboard; name = Base; path = Base.lproj/LaunchScreen.storyboard; sourceTree = "<group>"; };
		59D20375286F7C8D00A0907F /* Info.plist */ = {isa = PBXFileReference; lastKnownFileType = text.plist.xml; path = Info.plist; sourceTree = "<group>"; };
		59D2037B286F7E0900A0907F /* ListViewController.swift */ = {isa = PBXFileReference; lastKnownFileType = sourcecode.swift; path = ListViewController.swift; sourceTree = "<group>"; };
		59D2037F2873281F00A0907F /* TextCell.swift */ = {isa = PBXFileReference; lastKnownFileType = sourcecode.swift; path = TextCell.swift; sourceTree = "<group>"; };
		59D2038128748BE800A0907F /* GridViewController.swift */ = {isa = PBXFileReference; lastKnownFileType = sourcecode.swift; path = GridViewController.swift; sourceTree = "<group>"; };
		59D203852877545A00A0907F /* NestedGroupsViewController.swift */ = {isa = PBXFileReference; lastKnownFileType = sourcecode.swift; path = NestedGroupsViewController.swift; sourceTree = "<group>"; };
		59D2038728789B2300A0907F /* OrthogonalScrollBehaviorViewController.swift */ = {isa = PBXFileReference; lastKnownFileType = sourcecode.swift; path = OrthogonalScrollBehaviorViewController.swift; sourceTree = "<group>"; };
		59D2038928789CF700A0907F /* UserCell.swift */ = {isa = PBXFileReference; lastKnownFileType = sourcecode.swift; path = UserCell.swift; sourceTree = "<group>"; };
		59D2038C28789D5700A0907F /* SelfConfiguringCell.swift */ = {isa = PBXFileReference; lastKnownFileType = sourcecode.swift; path = SelfConfiguringCell.swift; sourceTree = "<group>"; };
		59D2038E28789D9000A0907F /* FoodCell.swift */ = {isa = PBXFileReference; lastKnownFileType = sourcecode.swift; path = FoodCell.swift; sourceTree = "<group>"; };
		59D203902878AF1600A0907F /* Nested.swift */ = {isa = PBXFileReference; lastKnownFileType = sourcecode.swift; path = Nested.swift; sourceTree = "<group>"; };
		59D203922879ACF000A0907F /* MainTabBarController.swift */ = {isa = PBXFileReference; lastKnownFileType = sourcecode.swift; path = MainTabBarController.swift; sourceTree = "<group>"; };
/* End PBXFileReference section */

/* Begin PBXFrameworksBuildPhase section */
		59D20361286F7C8A00A0907F /* Frameworks */ = {
			isa = PBXFrameworksBuildPhase;
			buildActionMask = 2147483647;
			files = (
			);
			runOnlyForDeploymentPostprocessing = 0;
		};
/* End PBXFrameworksBuildPhase section */

/* Begin PBXGroup section */
		59D2035B286F7C8A00A0907F = {
			isa = PBXGroup;
			children = (
				59D20366286F7C8A00A0907F /* MyCollectionView */,
				59D20365286F7C8A00A0907F /* Products */,
			);
			sourceTree = "<group>";
		};
		59D20365286F7C8A00A0907F /* Products */ = {
			isa = PBXGroup;
			children = (
				59D20364286F7C8A00A0907F /* MyCollectionView.app */,
			);
			name = Products;
			sourceTree = "<group>";
		};
		59D20366286F7C8A00A0907F /* MyCollectionView */ = {
			isa = PBXGroup;
			children = (
				59D2038B28789D1E00A0907F /* Protocol */,
				59D2037E287327C600A0907F /* ViewControllerCell */,
				59D2037D286F7EA900A0907F /* ViewControllers */,
				59D203922879ACF000A0907F /* MainTabBarController.swift */,
				59D20367286F7C8A00A0907F /* AppDelegate.swift */,
				59D20369286F7C8A00A0907F /* SceneDelegate.swift */,
				59D2036B286F7C8A00A0907F /* ViewController.swift */,
				59D20370286F7C8D00A0907F /* Assets.xcassets */,
				59D20372286F7C8D00A0907F /* LaunchScreen.storyboard */,
				59D20375286F7C8D00A0907F /* Info.plist */,
			);
			path = MyCollectionView;
			sourceTree = "<group>";
		};
		59D2037D286F7EA900A0907F /* ViewControllers */ = {
			isa = PBXGroup;
			children = (
				59D2037B286F7E0900A0907F /* ListViewController.swift */,
				59D2038128748BE800A0907F /* GridViewController.swift */,
				59D203852877545A00A0907F /* NestedGroupsViewController.swift */,
				59D2038728789B2300A0907F /* OrthogonalScrollBehaviorViewController.swift */,
			);
			path = ViewControllers;
			sourceTree = "<group>";
		};
		59D2037E287327C600A0907F /* ViewControllerCell */ = {
			isa = PBXGroup;
			children = (
				59D2037F2873281F00A0907F /* TextCell.swift */,
				59D2038928789CF700A0907F /* UserCell.swift */,
				59D2038E28789D9000A0907F /* FoodCell.swift */,
				59D203902878AF1600A0907F /* Nested.swift */,
			);
			path = ViewControllerCell;
			sourceTree = "<group>";
		};
		59D2038B28789D1E00A0907F /* Protocol */ = {
			isa = PBXGroup;
			children = (
				59D2038C28789D5700A0907F /* SelfConfiguringCell.swift */,
			);
			path = Protocol;
			sourceTree = "<group>";
		};
/* End PBXGroup section */

/* Begin PBXNativeTarget section */
		59D20363286F7C8A00A0907F /* MyCollectionView */ = {
			isa = PBXNativeTarget;
			buildConfigurationList = 59D20378286F7C8D00A0907F /* Build configuration list for PBXNativeTarget "MyCollectionView" */;
			buildPhases = (
				59D20360286F7C8A00A0907F /* Sources */,
				59D20361286F7C8A00A0907F /* Frameworks */,
				59D20362286F7C8A00A0907F /* Resources */,
			);
			buildRules = (
			);
			dependencies = (
			);
			name = MyCollectionView;
			productName = MyCollectionView;
			productReference = 59D20364286F7C8A00A0907F /* MyCollectionView.app */;
			productType = "com.apple.product-type.application";
		};
/* End PBXNativeTarget section */

/* Begin PBXProject section */
		59D2035C286F7C8A00A0907F /* Project object */ = {
			isa = PBXProject;
			attributes = {
				BuildIndependentTargetsInParallel = 1;
				LastSwiftUpdateCheck = 1340;
				LastUpgradeCheck = 1340;
				TargetAttributes = {
					59D20363286F7C8A00A0907F = {
						CreatedOnToolsVersion = 13.4.1;
					};
				};
			};
			buildConfigurationList = 59D2035F286F7C8A00A0907F /* Build configuration list for PBXProject "MyCollectionView" */;
			compatibilityVersion = "Xcode 13.0";
			developmentRegion = en;
			hasScannedForEncodings = 0;
			knownRegions = (
				en,
				Base,
			);
			mainGroup = 59D2035B286F7C8A00A0907F;
			productRefGroup = 59D20365286F7C8A00A0907F /* Products */;
			projectDirPath = "";
			projectRoot = "";
			targets = (
				59D20363286F7C8A00A0907F /* MyCollectionView */,
			);
		};
/* End PBXProject section */

/* Begin PBXResourcesBuildPhase section */
		59D20362286F7C8A00A0907F /* Resources */ = {
			isa = PBXResourcesBuildPhase;
			buildActionMask = 2147483647;
			files = (
				59D20374286F7C8D00A0907F /* LaunchScreen.storyboard in Resources */,
				59D20371286F7C8D00A0907F /* Assets.xcassets in Resources */,
			);
			runOnlyForDeploymentPostprocessing = 0;
		};
/* End PBXResourcesBuildPhase section */

/* Begin PBXSourcesBuildPhase section */
		59D20360286F7C8A00A0907F /* Sources */ = {
			isa = PBXSourcesBuildPhase;
			buildActionMask = 2147483647;
			files = (
				59D203802873281F00A0907F /* TextCell.swift in Sources */,
				59D203912878AF1600A0907F /* Nested.swift in Sources */,
				59D2038F28789D9000A0907F /* FoodCell.swift in Sources */,
				59D2036C286F7C8A00A0907F /* ViewController.swift in Sources */,
				59D203862877545A00A0907F /* NestedGroupsViewController.swift in Sources */,
				59D2038D28789D5700A0907F /* SelfConfiguringCell.swift in Sources */,
				59D2038228748BE800A0907F /* GridViewController.swift in Sources */,
				59D20368286F7C8A00A0907F /* AppDelegate.swift in Sources */,
				59D2037C286F7E0900A0907F /* ListViewController.swift in Sources */,
				59D203932879ACF000A0907F /* MainTabBarController.swift in Sources */,
				59D2036A286F7C8A00A0907F /* SceneDelegate.swift in Sources */,
				59D2038A28789CF700A0907F /* UserCell.swift in Sources */,
				59D2038828789B2300A0907F /* OrthogonalScrollBehaviorViewController.swift in Sources */,
			);
			runOnlyForDeploymentPostprocessing = 0;
		};
/* End PBXSourcesBuildPhase section */

/* Begin PBXVariantGroup section */
		59D20372286F7C8D00A0907F /* LaunchScreen.storyboard */ = {
			isa = PBXVariantGroup;
			children = (
				59D20373286F7C8D00A0907F /* Base */,
			);
			name = LaunchScreen.storyboard;
			sourceTree = "<group>";
		};
/* End PBXVariantGroup section */

/* Begin XCBuildConfiguration section */
		59D20376286F7C8D00A0907F /* Debug */ = {
			isa = XCBuildConfiguration;
			buildSettings = {
				ALWAYS_SEARCH_USER_PATHS = NO;
				CLANG_ANALYZER_NONNULL = YES;
				CLANG_ANALYZER_NUMBER_OBJECT_CONVERSION = YES_AGGRESSIVE;
				CLANG_CXX_LANGUAGE_STANDARD = "gnu++17";
				CLANG_ENABLE_MODULES = YES;
				CLANG_ENABLE_OBJC_ARC = YES;
				CLANG_ENABLE_OBJC_WEAK = YES;
				CLANG_WARN_BLOCK_CAPTURE_AUTORELEASING = YES;
				CLANG_WARN_BOOL_CONVERSION = YES;
				CLANG_WARN_COMMA = YES;
				CLANG_WARN_CONSTANT_CONVERSION = YES;
				CLANG_WARN_DEPRECATED_OBJC_IMPLEMENTATIONS = YES;
				CLANG_WARN_DIRECT_OBJC_ISA_USAGE = YES_ERROR;
				CLANG_WARN_DOCUMENTATION_COMMENTS = YES;
				CLANG_WARN_EMPTY_BODY = YES;
				CLANG_WARN_ENUM_CONVERSION = YES;
				CLANG_WARN_INFINITE_RECURSION = YES;
				CLANG_WARN_INT_CONVERSION = YES;
				CLANG_WARN_NON_LITERAL_NULL_CONVERSION = YES;
				CLANG_WARN_OBJC_IMPLICIT_RETAIN_SELF = YES;
				CLANG_WARN_OBJC_LITERAL_CONVERSION = YES;
				CLANG_WARN_OBJC_ROOT_CLASS = YES_ERROR;
				CLANG_WARN_QUOTED_INCLUDE_IN_FRAMEWORK_HEADER = YES;
				CLANG_WARN_RANGE_LOOP_ANALYSIS = YES;
				CLANG_WARN_STRICT_PROTOTYPES = YES;
				CLANG_WARN_SUSPICIOUS_MOVE = YES;
				CLANG_WARN_UNGUARDED_AVAILABILITY = YES_AGGRESSIVE;
				CLANG_WARN_UNREACHABLE_CODE = YES;
				CLANG_WARN__DUPLICATE_METHOD_MATCH = YES;
				COPY_PHASE_STRIP = NO;
				DEBUG_INFORMATION_FORMAT = dwarf;
				ENABLE_STRICT_OBJC_MSGSEND = YES;
				ENABLE_TESTABILITY = YES;
				GCC_C_LANGUAGE_STANDARD = gnu11;
				GCC_DYNAMIC_NO_PIC = NO;
				GCC_NO_COMMON_BLOCKS = YES;
				GCC_OPTIMIZATION_LEVEL = 0;
				GCC_PREPROCESSOR_DEFINITIONS = (
					"DEBUG=1",
					"$(inherited)",
				);
				GCC_WARN_64_TO_32_BIT_CONVERSION = YES;
				GCC_WARN_ABOUT_RETURN_TYPE = YES_ERROR;
				GCC_WARN_UNDECLARED_SELECTOR = YES;
				GCC_WARN_UNINITIALIZED_AUTOS = YES_AGGRESSIVE;
				GCC_WARN_UNUSED_FUNCTION = YES;
				GCC_WARN_UNUSED_VARIABLE = YES;
				IPHONEOS_DEPLOYMENT_TARGET = 15.5;
				MTL_ENABLE_DEBUG_INFO = INCLUDE_SOURCE;
				MTL_FAST_MATH = YES;
				ONLY_ACTIVE_ARCH = YES;
				SDKROOT = iphoneos;
				SWIFT_ACTIVE_COMPILATION_CONDITIONS = DEBUG;
				SWIFT_OPTIMIZATION_LEVEL = "-Onone";
			};
			name = Debug;
		};
		59D20377286F7C8D00A0907F /* Release */ = {
			isa = XCBuildConfiguration;
			buildSettings = {
				ALWAYS_SEARCH_USER_PATHS = NO;
				CLANG_ANALYZER_NONNULL = YES;
				CLANG_ANALYZER_NUMBER_OBJECT_CONVERSION = YES_AGGRESSIVE;
				CLANG_CXX_LANGUAGE_STANDARD = "gnu++17";
				CLANG_ENABLE_MODULES = YES;
				CLANG_ENABLE_OBJC_ARC = YES;
				CLANG_ENABLE_OBJC_WEAK = YES;
				CLANG_WARN_BLOCK_CAPTURE_AUTORELEASING = YES;
				CLANG_WARN_BOOL_CONVERSION = YES;
				CLANG_WARN_COMMA = YES;
				CLANG_WARN_CONSTANT_CONVERSION = YES;
				CLANG_WARN_DEPRECATED_OBJC_IMPLEMENTATIONS = YES;
				CLANG_WARN_DIRECT_OBJC_ISA_USAGE = YES_ERROR;
				CLANG_WARN_DOCUMENTATION_COMMENTS = YES;
				CLANG_WARN_EMPTY_BODY = YES;
				CLANG_WARN_ENUM_CONVERSION = YES;
				CLANG_WARN_INFINITE_RECURSION = YES;
				CLANG_WARN_INT_CONVERSION = YES;
				CLANG_WARN_NON_LITERAL_NULL_CONVERSION = YES;
				CLANG_WARN_OBJC_IMPLICIT_RETAIN_SELF = YES;
				CLANG_WARN_OBJC_LITERAL_CONVERSION = YES;
				CLANG_WARN_OBJC_ROOT_CLASS = YES_ERROR;
				CLANG_WARN_QUOTED_INCLUDE_IN_FRAMEWORK_HEADER = YES;
				CLANG_WARN_RANGE_LOOP_ANALYSIS = YES;
				CLANG_WARN_STRICT_PROTOTYPES = YES;
				CLANG_WARN_SUSPICIOUS_MOVE = YES;
				CLANG_WARN_UNGUARDED_AVAILABILITY = YES_AGGRESSIVE;
				CLANG_WARN_UNREACHABLE_CODE = YES;
				CLANG_WARN__DUPLICATE_METHOD_MATCH = YES;
				COPY_PHASE_STRIP = NO;
				DEBUG_INFORMATION_FORMAT = "dwarf-with-dsym";
				ENABLE_NS_ASSERTIONS = NO;
				ENABLE_STRICT_OBJC_MSGSEND = YES;
				GCC_C_LANGUAGE_STANDARD = gnu11;
				GCC_NO_COMMON_BLOCKS = YES;
				GCC_WARN_64_TO_32_BIT_CONVERSION = YES;
				GCC_WARN_ABOUT_RETURN_TYPE = YES_ERROR;
				GCC_WARN_UNDECLARED_SELECTOR = YES;
				GCC_WARN_UNINITIALIZED_AUTOS = YES_AGGRESSIVE;
				GCC_WARN_UNUSED_FUNCTION = YES;
				GCC_WARN_UNUSED_VARIABLE = YES;
				IPHONEOS_DEPLOYMENT_TARGET = 15.5;
				MTL_ENABLE_DEBUG_INFO = NO;
				MTL_FAST_MATH = YES;
				SDKROOT = iphoneos;
				SWIFT_COMPILATION_MODE = wholemodule;
				SWIFT_OPTIMIZATION_LEVEL = "-O";
				VALIDATE_PRODUCT = YES;
			};
			name = Release;
		};
		59D20379286F7C8D00A0907F /* Debug */ = {
			isa = XCBuildConfiguration;
			buildSettings = {
				ASSETCATALOG_COMPILER_APPICON_NAME = AppIcon;
				ASSETCATALOG_COMPILER_GLOBAL_ACCENT_COLOR_NAME = AccentColor;
				CODE_SIGN_STYLE = Automatic;
				CURRENT_PROJECT_VERSION = 1;
				GENERATE_INFOPLIST_FILE = YES;
				INFOPLIST_FILE = MyCollectionView/Info.plist;
				INFOPLIST_KEY_UIApplicationSupportsIndirectInputEvents = YES;
				INFOPLIST_KEY_UILaunchStoryboardName = LaunchScreen;
				INFOPLIST_KEY_UISupportedInterfaceOrientations_iPad = "UIInterfaceOrientationPortrait UIInterfaceOrientationPortraitUpsideDown UIInterfaceOrientationLandscapeLeft UIInterfaceOrientationLandscapeRight";
				INFOPLIST_KEY_UISupportedInterfaceOrientations_iPhone = "UIInterfaceOrientationPortrait UIInterfaceOrientationLandscapeLeft UIInterfaceOrientationLandscapeRight";
				LD_RUNPATH_SEARCH_PATHS = (
					"$(inherited)",
					"@executable_path/Frameworks",
				);
				MARKETING_VERSION = 1.0;
				PRODUCT_BUNDLE_IDENTIFIER = "Vladimir-Makarov.MyCollectionView";
				PRODUCT_NAME = "$(TARGET_NAME)";
				SWIFT_EMIT_LOC_STRINGS = YES;
				SWIFT_VERSION = 5.0;
				TARGETED_DEVICE_FAMILY = "1,2";
			};
			name = Debug;
		};
		59D2037A286F7C8D00A0907F /* Release */ = {
			isa = XCBuildConfiguration;
			buildSettings = {
				ASSETCATALOG_COMPILER_APPICON_NAME = AppIcon;
				ASSETCATALOG_COMPILER_GLOBAL_ACCENT_COLOR_NAME = AccentColor;
				CODE_SIGN_STYLE = Automatic;
				CURRENT_PROJECT_VERSION = 1;
				GENERATE_INFOPLIST_FILE = YES;
				INFOPLIST_FILE = MyCollectionView/Info.plist;
				INFOPLIST_KEY_UIApplicationSupportsIndirectInputEvents = YES;
				INFOPLIST_KEY_UILaunchStoryboardName = LaunchScreen;
				INFOPLIST_KEY_UISupportedInterfaceOrientations_iPad = "UIInterfaceOrientationPortrait UIInterfaceOrientationPortraitUpsideDown UIInterfaceOrientationLandscapeLeft UIInterfaceOrientationLandscapeRight";
				INFOPLIST_KEY_UISupportedInterfaceOrientations_iPhone = "UIInterfaceOrientationPortrait UIInterfaceOrientationLandscapeLeft UIInterfaceOrientationLandscapeRight";
				LD_RUNPATH_SEARCH_PATHS = (
					"$(inherited)",
					"@executable_path/Frameworks",
				);
				MARKETING_VERSION = 1.0;
				PRODUCT_BUNDLE_IDENTIFIER = "Vladimir-Makarov.MyCollectionView";
				PRODUCT_NAME = "$(TARGET_NAME)";
				SWIFT_EMIT_LOC_STRINGS = YES;
				SWIFT_VERSION = 5.0;
				TARGETED_DEVICE_FAMILY = "1,2";
			};
			name = Release;
		};
/* End XCBuildConfiguration section */

/* Begin XCConfigurationList section */
		59D2035F286F7C8A00A0907F /* Build configuration list for PBXProject "MyCollectionView" */ = {
			isa = XCConfigurationList;
			buildConfigurations = (
				59D20376286F7C8D00A0907F /* Debug */,
				59D20377286F7C8D00A0907F /* Release */,
			);
			defaultConfigurationIsVisible = 0;
			defaultConfigurationName = Release;
		};
		59D20378286F7C8D00A0907F /* Build configuration list for PBXNativeTarget "MyCollectionView" */ = {
			isa = XCConfigurationList;
			buildConfigurations = (
				59D20379286F7C8D00A0907F /* Debug */,
				59D2037A286F7C8D00A0907F /* Release */,
			);
			defaultConfigurationIsVisible = 0;
			defaultConfigurationName = Release;
		};
/* End XCConfigurationList section */
	};
	rootObject = 59D2035C286F7C8A00A0907F /* Project object */;
}
